<Project xmlns="http://schemas.microsoft.com/developer/msbuild/2003">
    <PropertyGroup>
        <ProjectGuid>{6698D973-EF0E-42EA-A553-DCDDCB888989}</ProjectGuid>
        <MainSource>DAIHAN.dpr</MainSource>
        <Config Condition="'$(Config)'==''">Debug</Config>
        <DCC_DCCCompiler>DCC32</DCC_DCCCompiler>
        <ProjectVersion>18.1</ProjectVersion>
        <FrameworkType>VCL</FrameworkType>
        <Base>True</Base>
        <Platform Condition="'$(Platform)'==''">Win32</Platform>
        <TargetedPlatforms>1025</TargetedPlatforms>
        <AppType>Application</AppType>
    </PropertyGroup>
    <PropertyGroup Condition="'$(Config)'=='Base' or '$(Base)'!=''">
        <Base>true</Base>
    </PropertyGroup>
    <PropertyGroup Condition="('$(Platform)'=='Win32' and '$(Base)'=='true') or '$(Base_Win32)'!=''">
        <Base_Win32>true</Base_Win32>
        <CfgParent>Base</CfgParent>
        <Base>true</Base>
    </PropertyGroup>
    <PropertyGroup Condition="('$(Platform)'=='Win64' and '$(Base)'=='true') or '$(Base_Win64)'!=''">
        <Base_Win64>true</Base_Win64>
        <CfgParent>Base</CfgParent>
        <Base>true</Base>
    </PropertyGroup>
    <PropertyGroup Condition="'$(Config)'=='Release' or '$(Cfg_1)'!=''">
        <Cfg_1>true</Cfg_1>
        <CfgParent>Base</CfgParent>
        <Base>true</Base>
    </PropertyGroup>
    <PropertyGroup Condition="('$(Platform)'=='Win32' and '$(Cfg_1)'=='true') or '$(Cfg_1_Win32)'!=''">
        <Cfg_1_Win32>true</Cfg_1_Win32>
        <CfgParent>Cfg_1</CfgParent>
        <Cfg_1>true</Cfg_1>
        <Base>true</Base>
    </PropertyGroup>
    <PropertyGroup Condition="'$(Config)'=='Debug' or '$(Cfg_2)'!=''">
        <Cfg_2>true</Cfg_2>
        <CfgParent>Base</CfgParent>
        <Base>true</Base>
    </PropertyGroup>
    <PropertyGroup Condition="('$(Platform)'=='iOSDevice64' and '$(Cfg_2)'=='true') or '$(Cfg_2_iOSDevice64)'!=''">
        <Cfg_2_iOSDevice64>true</Cfg_2_iOSDevice64>
        <CfgParent>Cfg_2</CfgParent>
        <Cfg_2>true</Cfg_2>
        <Base>true</Base>
    </PropertyGroup>
    <PropertyGroup Condition="('$(Platform)'=='Win32' and '$(Cfg_2)'=='true') or '$(Cfg_2_Win32)'!=''">
        <Cfg_2_Win32>true</Cfg_2_Win32>
        <CfgParent>Cfg_2</CfgParent>
        <Cfg_2>true</Cfg_2>
        <Base>true</Base>
    </PropertyGroup>
    <PropertyGroup Condition="'$(Base)'!=''">
        <VerInfo_Build>61</VerInfo_Build>
        <VerInfo_MajorVer>9</VerInfo_MajorVer>
        <VerInfo_MinorVer>12</VerInfo_MinorVer>
        <DCC_Namespace>Vcl;Vcl.Imaging;Vcl.Touch;Vcl.Samples;Vcl.Shell;System;Xml;Data;Datasnap;Web;Soap;Winapi;Bde;System.Win;VCLTee;$(DCC_Namespace)</DCC_Namespace>
        <VerInfo_Locale>1042</VerInfo_Locale>
        <VerInfo_AutoGenVersion>true</VerInfo_AutoGenVersion>
        <SanitizedProjectName>DAIHAN</SanitizedProjectName>
        <VerInfo_Release>21</VerInfo_Release>
        <VerInfo_Keys>CompanyName=;FileDescription=;FileVersion=9.12.21.61;InternalName=;LegalCopyright=;LegalTrademarks=;OriginalFilename=;ProductName=;ProductVersion=1.0.0.0;Comments=</VerInfo_Keys>
        <DCC_UnitSearchPath>..\common;$(DCC_UnitSearchPath)</DCC_UnitSearchPath>
        <DCC_DependencyCheckOutputName>..\exe\DAIHAN.exe</DCC_DependencyCheckOutputName>
        <DCC_ImageBase>00400000</DCC_ImageBase>
        <DCC_Platform>x86</DCC_Platform>
        <DCC_ExeOutput>..\exe</DCC_ExeOutput>
        <DCC_UsePackage>vcl;rtl;dbrtl;adortl;vcldb;vclx;bdertl;vcldbx;ibxpress;dsnap;cds;bdecds;qrpt;teeui;teedb;tee;dss;teeqr;visualclx;visualdbclx;dsnapcrba;dsnapcon;VclSmp;vclshlctrls;vclie;xmlrtl;inet;inetdbbde;inetdbxpress;inetdb;nmfast;webdsnap;websnap;soaprtl;dbexpress;dbxcds;indy;dclOffice2k;jhscomp;D6Rack;tmsd6;RxCtl6;ZipmasterD6;SortGridD6;CPortLib6;FlatStyle_D6;D6Barcode;$(DCC_UsePackage)</DCC_UsePackage>
        <DCC_K>false</DCC_K>
        <DCC_N>true</DCC_N>
        <DCC_S>false</DCC_S>
        <DCC_SymbolReferenceInfo>1</DCC_SymbolReferenceInfo>
        <DCC_E>false</DCC_E>
        <DCC_F>false</DCC_F>
    </PropertyGroup>
    <PropertyGroup Condition="'$(Base_Win32)'!=''">
        <AppEnableRuntimeThemes>true</AppEnableRuntimeThemes>
        <Manifest_File>$(BDS)\bin\default_app.manifest</Manifest_File>
        <VerInfo_IncludeVerInfo>true</VerInfo_IncludeVerInfo>
        <Icon_MainIcon>DAIHAN_Icon7.ico</Icon_MainIcon>
        <VerInfo_Keys>CompanyName=;FileDescription=;FileVersion=1.0.0.0;InternalName=;LegalCopyright=;LegalTrademarks=;OriginalFilename=;ProductName=;ProductVersion=1.0.0.0;Comments=</VerInfo_Keys>
        <VerInfo_Locale>1033</VerInfo_Locale>
        <DCC_Namespace>Winapi;System.Win;Data.Win;Datasnap.Win;Web.Win;Soap.Win;Xml.Win;Bde;$(DCC_Namespace)</DCC_Namespace>
    </PropertyGroup>
    <PropertyGroup Condition="'$(Base_Win64)'!=''">
        <Icon_MainIcon>DAIHAN_Icon7.ico</Icon_MainIcon>
    </PropertyGroup>
    <PropertyGroup Condition="'$(Cfg_1)'!=''">
        <DCC_LocalDebugSymbols>false</DCC_LocalDebugSymbols>
        <DCC_Define>RELEASE;$(DCC_Define)</DCC_Define>
        <DCC_SymbolReferenceInfo>0</DCC_SymbolReferenceInfo>
        <DCC_DebugInformation>0</DCC_DebugInformation>
    </PropertyGroup>
    <PropertyGroup Condition="'$(Cfg_1_Win32)'!=''">
        <AppEnableRuntimeThemes>true</AppEnableRuntimeThemes>
        <AppEnableHighDPI>true</AppEnableHighDPI>
    </PropertyGroup>
    <PropertyGroup Condition="'$(Cfg_2)'!=''">
        <DCC_Define>DEBUG;$(DCC_Define)</DCC_Define>
    </PropertyGroup>
    <PropertyGroup Condition="'$(Cfg_2_iOSDevice64)'!=''">
        <BT_BuildType>Debug</BT_BuildType>
    </PropertyGroup>
    <PropertyGroup Condition="'$(Cfg_2_Win32)'!=''">
        <AppEnableRuntimeThemes>true</AppEnableRuntimeThemes>
        <VerInfo_Keys>CompanyName=;FileDescription=;FileVersion=1.0.0.0;InternalName=;LegalCopyright=;LegalTrademarks=;OriginalFilename=;ProductName=;ProductVersion=1.0.0.0;Comments=</VerInfo_Keys>
        <AppEnableHighDPI>true</AppEnableHighDPI>
    </PropertyGroup>
    <ItemGroup>
        <DelphiCompile Include="$(MainSource)">
            <MainSource>MainSource</MainSource>
        </DelphiCompile>
        <DCCReference Include="UAbout.pas">
            <Form>FAbout</Form>
        </DCCReference>
        <DCCReference Include="UDM.pas">
            <Form>DM</Form>
            <DesignClass>TDataModule</DesignClass>
        </DCCReference>
        <DCCReference Include="ULogin.pas">
            <Form>FLogin</Form>
        </DCCReference>
        <DCCReference Include="USD130.pas">
            <Form>FSD130</Form>
        </DCCReference>
        <DCCReference Include="UBBlankFrm.pas">
            <Form>FBBlankFrm</Form>
        </DCCReference>
        <DCCReference Include="..\common\ULib.pas"/>
        <DCCReference Include="..\common\UPMSG.pas">
            <Form>FPMSG</Form>
        </DCCReference>
        <DCCReference Include="UPM100CUST.pas">
            <Form>FPM100CUST</Form>
        </DCCReference>
        <DCCReference Include="..\common\UVersionInfo.pas"/>
        <DCCReference Include="UMT200.pas">
            <Form>FMT200</Form>
        </DCCReference>
        <DCCReference Include="UOneADay.pas"/>
        <DCCReference Include="USD130Exp.pas">
            <Form>FSD130Exp</Form>
        </DCCReference>
        <DCCReference Include="UPopup.pas">
            <Form>FPopup</Form>
        </DCCReference>
        <DCCReference Include="USM200Exp.pas">
            <Form>FSM200Exp</Form>
        </DCCReference>
        <DCCReference Include="USM200Stock.pas">
            <Form>FSM200Stock</Form>
        </DCCReference>
        <DCCReference Include="USM100Exp.pas">
            <Form>FSM100Exp</Form>
        </DCCReference>
        <DCCReference Include="USM100.pas">
            <Form>FSM100</Form>
        </DCCReference>
        <DCCReference Include="UQMain.pas">
            <Form>FQMain</Form>
        </DCCReference>
        <DCCReference Include="USD220.pas">
            <Form>FSD220</Form>
        </DCCReference>
        <DCCReference Include="USD220Reg.pas">
            <Form>FSD220Reg</Form>
        </DCCReference>
        <DCCReference Include="USM200.pas">
            <Form>FSM200</Form>
        </DCCReference>
        <DCCReference Include="USD110.pas">
            <Form>FSD110</Form>
        </DCCReference>
        <DCCReference Include="UDash.pas">
            <Form>FDash</Form>
        </DCCReference>
        <DCCReference Include="USM200Month.pas">
            <Form>FSM200Month</Form>
        </DCCReference>
        <DCCReference Include="UBarcodePrint.pas">
            <Form>FBarcodePrint</Form>
        </DCCReference>
        <DCCReference Include="USM200Cust.pas">
            <Form>FSM200Cust</Form>
        </DCCReference>
        <DCCReference Include="UPM100Prt.pas">
            <Form>FPM100Prt</Form>
        </DCCReference>
        <DCCReference Include="UIItem.pas">
            <Form>FIItem</Form>
        </DCCReference>
        <DCCReference Include="UIItemPackage.pas">
            <Form>FIItemPackage</Form>
        </DCCReference>
        <DCCReference Include="UPD710.pas">
            <Form>FPD710</Form>
        </DCCReference>
        <DCCReference Include="UPD710Qry.pas">
            <Form>FPD710Qry</Form>
        </DCCReference>
        <DCCReference Include="UPM100Qry.pas">
            <Form>FPM100Qry</Form>
        </DCCReference>
        <DCCReference Include="UPM100LOC.pas">
            <Form>FPM100LOC</Form>
        </DCCReference>
        <DCCReference Include="UPM100Ret.pas">
            <Form>FPM100Ret</Form>
        </DCCReference>
        <DCCReference Include="UPM700ActualStock.pas">
            <Form>FPM700ActualStock</Form>
        </DCCReference>
        <DCCReference Include="..\common\Com_Print.pas"/>
        <DCCReference Include="UPM700_INI.pas">
            <Form>FPM700_INI</Form>
        </DCCReference>
        <DCCReference Include="UPD720.pas">
            <Form>FPD720</Form>
        </DCCReference>
        <DCCReference Include="UPM700LOC.pas">
            <Form>FPM700LOC</Form>
        </DCCReference>
        <DCCReference Include="UPM700Stock.pas">
            <Form>FPM700Stock</Form>
        </DCCReference>
        <DCCReference Include="UPM100CatnoOut.pas">
            <Form>FPM100CatnoOut</Form>
        </DCCReference>
        <DCCReference Include="UPM100LOCOUT.pas">
            <Form>FPM100LocOut</Form>
        </DCCReference>
        <DCCReference Include="UPM100OutLGST_NO.pas">
            <Form>FPM100OutLGST_NO</Form>
        </DCCReference>
        <DCCReference Include="UPM100PeriodCatnoOut.pas">
            <Form>FPM100PeriodCatnoOut</Form>
        </DCCReference>
        <DCCReference Include="UPM100PeriodCustOut.pas">
            <Form>FPM100PeriodCustOut</Form>
        </DCCReference>
        <DCCReference Include="UPM100CatnoOutPre.pas">
            <Form>FPM100CatnoOutPre</Form>
        </DCCReference>
        <DCCReference Include="UPM100CatnoRetPre.pas">
            <Form>FPM100CatnoRetPre</Form>
        </DCCReference>
        <DCCReference Include="UPM100CatnoReturn.pas">
            <Form>FPM100CatnoReturn</Form>
        </DCCReference>
        <DCCReference Include="UPM100PeriodCatnoReturn.pas">
            <Form>FPM100PeriodCatnoReturn</Form>
        </DCCReference>
        <DCCReference Include="UPM100PeriodCustReturn.pas">
            <Form>FPM100PeriodCustReturn</Form>
        </DCCReference>
        <DCCReference Include="UPM100CustReturn.pas">
            <Form>FPM100CustReturn</Form>
        </DCCReference>
        <DCCReference Include="UPM100CustRetPre.pas">
            <Form>FPM100CustRetPre</Form>
        </DCCReference>
        <DCCReference Include="UPM100LocReturn.pas">
            <Form>FPM100LocReturn</Form>
        </DCCReference>
        <DCCReference Include="UPM100OutOrderNo.pas">
            <Form>FPM100OutOrderNo</Form>
        </DCCReference>
        <DCCReference Include="UPM100CustOut.pas">
            <Form>FPM100CustOut</Form>
        </DCCReference>
        <DCCReference Include="UPM100CustInPre.pas">
            <Form>FPM100CustInPre</Form>
        </DCCReference>
        <DCCReference Include="UPM100LOCIn.pas">
            <Form>FPM100LOCIn</Form>
        </DCCReference>
        <DCCReference Include="UPM100PeriodCatnoIn.pas">
            <Form>FPM100PeriodCatnoIn</Form>
        </DCCReference>
        <DCCReference Include="UPM100PeriodCustIn.pas">
            <Form>FPM100PeriodCustIn</Form>
        </DCCReference>
        <DCCReference Include="UPM100CatnoIn.pas">
            <Form>FPM100CatnoIn</Form>
        </DCCReference>
        <DCCReference Include="UPM100CatnoInPre.pas">
            <Form>FPM100CatnoInPre</Form>
        </DCCReference>
        <DCCReference Include="UPM100CUSTIN.pas">
            <Form>FPM100CUSTIN</Form>
        </DCCReference>
        <DCCReference Include="UPrintBarcode.pas">
            <Form>FPMPRINTBARCODE</Form>
        </DCCReference>
        <DCCReference Include="UUser.pas">
            <Form>FUser</Form>
        </DCCReference>
        <DCCReference Include="UPM700ITEM.pas">
            <Form>FPM700ITEM</Form>
        </DCCReference>
        <DCCReference Include="UPD122.pas">
            <Form>FPD122</Form>
        </DCCReference>
        <DCCReference Include="UPM100CustOutReq.pas">
            <Form>FPM100CustOutReq</Form>
        </DCCReference>
        <BuildConfiguration Include="Debug">
            <Key>Cfg_2</Key>
            <CfgParent>Base</CfgParent>
        </BuildConfiguration>
        <BuildConfiguration Include="Base">
            <Key>Base</Key>
        </BuildConfiguration>
        <BuildConfiguration Include="Release">
            <Key>Cfg_1</Key>
            <CfgParent>Base</CfgParent>
        </BuildConfiguration>
    </ItemGroup>
    <Import Project="$(BDS)\Bin\CodeGear.Delphi.Targets" Condition="Exists('$(BDS)\Bin\CodeGear.Delphi.Targets')"/>
    <ProjectExtensions>
        <Borland.Personality>Delphi.Personality.12</Borland.Personality>
        <Borland.ProjectType>VCLApplication</Borland.ProjectType>
        <BorlandProject>
            <Delphi.Personality>
                <Source>
                    <Source Name="MainSource">DAIHAN.dpr</Source>
                </Source>
                <Parameters>
                    <Parameters Name="UseLauncher">False</Parameters>
                    <Parameters Name="LoadAllSymbols">True</Parameters>
                    <Parameters Name="LoadUnspecifiedSymbols">False</Parameters>
                </Parameters>
                <VersionInfo>
                    <VersionInfo Name="IncludeVerInfo">False</VersionInfo>
                    <VersionInfo Name="AutoIncBuild">True</VersionInfo>
                    <VersionInfo Name="MajorVer">9</VersionInfo>
                    <VersionInfo Name="MinorVer">12</VersionInfo>
                    <VersionInfo Name="Release">21</VersionInfo>
                    <VersionInfo Name="Build">61</VersionInfo>
                    <VersionInfo Name="Debug">False</VersionInfo>
                    <VersionInfo Name="PreRelease">False</VersionInfo>
                    <VersionInfo Name="Special">False</VersionInfo>
                    <VersionInfo Name="Private">False</VersionInfo>
                    <VersionInfo Name="DLL">False</VersionInfo>
                    <VersionInfo Name="Locale">1042</VersionInfo>
                    <VersionInfo Name="CodePage">949</VersionInfo>
                </VersionInfo>
                <VersionInfoKeys>
                    <VersionInfoKeys Name="CompanyName"/>
                    <VersionInfoKeys Name="FileDescription"/>
                    <VersionInfoKeys Name="FileVersion">9.12.21.61</VersionInfoKeys>
                    <VersionInfoKeys Name="InternalName"/>
                    <VersionInfoKeys Name="LegalCopyright"/>
                    <VersionInfoKeys Name="LegalTrademarks"/>
                    <VersionInfoKeys Name="OriginalFilename"/>
                    <VersionInfoKeys Name="ProductName"/>
                    <VersionInfoKeys Name="ProductVersion">1.0.0.0</VersionInfoKeys>
                    <VersionInfoKeys Name="Comments"/>
                </VersionInfoKeys>
            </Delphi.Personality>
            <Platforms>
                <Platform value="iOSDevice64">True</Platform>
                <Platform value="Win32">True</Platform>
                <Platform value="Win64">False</Platform>
            </Platforms>
            <Deployment Version="2">
                <DeployFile LocalName="..\exe\DAIHAN.exe" Configuration="Debug" Class="ProjectOutput">
                    <Platform Name="Win32">
                        <RemoteName>DAIHAN.exe</RemoteName>
                        <Overwrite>true</Overwrite>
                    </Platform>
                </DeployFile>
                <DeployClass Name="DependencyModule">
                    <Platform Name="Win32">
                        <Operation>0</Operation>
                        <Extensions>.dll;.bpl</Extensions>
                    </Platform>
                    <Platform Name="OSX32">
                        <Operation>1</Operation>
                        <Extensions>.dylib</Extensions>
                    </Platform>
                </DeployClass>
                <DeployClass Name="ProjectOSXResource">
                    <Platform Name="OSX32">
                        <RemoteDir>Contents\Resources</RemoteDir>
                        <Operation>1</Operation>
                    </Platform>
                </DeployClass>
                <DeployClass Name="AndroidClassesDexFile">
                    <Platform Name="Android">
                        <RemoteDir>classes</RemoteDir>
                        <Operation>1</Operation>
                    </Platform>
                </DeployClass>
                <DeployClass Name="AdditionalDebugSymbols">
                    <Platform Name="Win32">
                        <RemoteDir>Contents\MacOS</RemoteDir>
                        <Operation>0</Operation>
                    </Platform>
                    <Platform Name="OSX32">
                        <Operation>1</Operation>
                    </Platform>
                </DeployClass>
                <DeployClass Name="iPad_Launch768">
                    <Platform Name="iOSSimulator">
                        <Operation>1</Operation>
                    </Platform>
                    <Platform Name="iOSDevice64">
                        <Operation>1</Operation>
                    </Platform>
                    <Platform Name="iOSDevice32">
                        <Operation>1</Operation>
                    </Platform>
                </DeployClass>
                <DeployClass Name="Android_LauncherIcon144">
                    <Platform Name="Android">
                        <RemoteDir>res\drawable-xxhdpi</RemoteDir>
                        <Operation>1</Operation>
                    </Platform>
                </DeployClass>
                <DeployClass Name="AndroidLibnativeMipsFile">
                    <Platform Name="Android">
                        <RemoteDir>library\lib\mips</RemoteDir>
                        <Operation>1</Operation>
                    </Platform>
                </DeployClass>
                <DeployClass Required="true" Name="ProjectOutput">
                    <Platform Name="Win32">
                        <Operation>0</Operation>
                    </Platform>
                    <Platform Name="iOSDevice64">
                        <Operation>1</Operation>
                    </Platform>
                    <Platform Name="OSX32">
                        <Operation>1</Operation>
                    </Platform>
                    <Platform Name="iOSDevice32">
                        <Operation>1</Operation>
                    </Platform>
                    <Platform Name="Android">
                        <RemoteDir>library\lib\armeabi-v7a</RemoteDir>
                        <Operation>1</Operation>
                    </Platform>
                    <Platform Name="iOSSimulator">
                        <Operation>1</Operation>
                    </Platform>
                </DeployClass>
                <DeployClass Name="DependencyFramework">
                    <Platform Name="Win32">
                        <Operation>0</Operation>
                    </Platform>
                    <Platform Name="OSX32">
                        <Operation>1</Operation>
                        <Extensions>.framework</Extensions>
                    </Platform>
                </DeployClass>
                <DeployClass Name="iPhone_Launch640">
                    <Platform Name="iOSSimulator">
                        <Operation>1</Operation>
                    </Platform>
                    <Platform Name="iOSDevice64">
                        <Operation>1</Operation>
                    </Platform>
                    <Platform Name="iOSDevice32">
                        <Operation>1</Operation>
                    </Platform>
                </DeployClass>
                <DeployClass Name="iPad_Launch1024">
                    <Platform Name="iOSSimulator">
                        <Operation>1</Operation>
                    </Platform>
                    <Platform Name="iOSDevice64">
                        <Operation>1</Operation>
                    </Platform>
                    <Platform Name="iOSDevice32">
                        <Operation>1</Operation>
                    </Platform>
                </DeployClass>
                <DeployClass Name="ProjectiOSDeviceDebug">
                    <Platform Name="iOSDevice64">
                        <RemoteDir>..\$(PROJECTNAME).app.dSYM\Contents\Resources\DWARF</RemoteDir>
                        <Operation>1</Operation>
                    </Platform>
                    <Platform Name="iOSDevice32">
                        <RemoteDir>..\$(PROJECTNAME).app.dSYM\Contents\Resources\DWARF</RemoteDir>
                        <Operation>1</Operation>
                    </Platform>
                </DeployClass>
                <DeployClass Name="AndroidLibnativeX86File">
                    <Platform Name="Android">
                        <RemoteDir>library\lib\x86</RemoteDir>
                        <Operation>1</Operation>
                    </Platform>
                </DeployClass>
                <DeployClass Name="iPhone_Launch320">
                    <Platform Name="iOSSimulator">
                        <Operation>1</Operation>
                    </Platform>
                    <Platform Name="iOSDevice64">
                        <Operation>1</Operation>
                    </Platform>
                    <Platform Name="iOSDevice32">
                        <Operation>1</Operation>
                    </Platform>
                </DeployClass>
                <DeployClass Name="ProjectiOSInfoPList"/>
                <DeployClass Name="AndroidLibnativeArmeabiFile">
                    <Platform Name="Android">
                        <RemoteDir>library\lib\armeabi</RemoteDir>
                        <Operation>1</Operation>
                    </Platform>
                </DeployClass>
                <DeployClass Name="DebugSymbols">
                    <Platform Name="Win32">
                        <Operation>0</Operation>
                    </Platform>
                    <Platform Name="iOSSimulator">
                        <Operation>1</Operation>
                    </Platform>
                    <Platform Name="OSX32">
                        <Operation>1</Operation>
                    </Platform>
                </DeployClass>
                <DeployClass Name="iPad_Launch1536">
                    <Platform Name="iOSSimulator">
                        <Operation>1</Operation>
                    </Platform>
                    <Platform Name="iOSDevice64">
                        <Operation>1</Operation>
                    </Platform>
                    <Platform Name="iOSDevice32">
                        <Operation>1</Operation>
                    </Platform>
                </DeployClass>
                <DeployClass Name="Android_SplashImage470">
                    <Platform Name="Android">
                        <RemoteDir>res\drawable-normal</RemoteDir>
                        <Operation>1</Operation>
                    </Platform>
                </DeployClass>
                <DeployClass Name="Android_LauncherIcon96">
                    <Platform Name="Android">
                        <RemoteDir>res\drawable-xhdpi</RemoteDir>
                        <Operation>1</Operation>
                    </Platform>
                </DeployClass>
                <DeployClass Name="Android_SplashImage640">
                    <Platform Name="Android">
                        <RemoteDir>res\drawable-large</RemoteDir>
                        <Operation>1</Operation>
                    </Platform>
                </DeployClass>
                <DeployClass Name="iPhone_Launch640x1136">
                    <Platform Name="iOSSimulator">
                        <Operation>1</Operation>
                    </Platform>
                    <Platform Name="iOSDevice64">
                        <Operation>1</Operation>
                    </Platform>
                    <Platform Name="iOSDevice32">
                        <Operation>1</Operation>
                    </Platform>
                </DeployClass>
                <DeployClass Name="ProjectiOSEntitlements"/>
                <DeployClass Name="Android_LauncherIcon72">
                    <Platform Name="Android">
                        <RemoteDir>res\drawable-hdpi</RemoteDir>
                        <Operation>1</Operation>
                    </Platform>
                </DeployClass>
                <DeployClass Name="AndroidGDBServer">
                    <Platform Name="Android">
                        <RemoteDir>library\lib\armeabi-v7a</RemoteDir>
                        <Operation>1</Operation>
                    </Platform>
                </DeployClass>
                <DeployClass Name="ProjectOSXInfoPList"/>
                <DeployClass Name="ProjectOSXEntitlements"/>
                <DeployClass Name="iPad_Launch2048">
                    <Platform Name="iOSSimulator">
                        <Operation>1</Operation>
                    </Platform>
                    <Platform Name="iOSDevice64">
                        <Operation>1</Operation>
                    </Platform>
                    <Platform Name="iOSDevice32">
                        <Operation>1</Operation>
                    </Platform>
                </DeployClass>
                <DeployClass Name="AndroidSplashStyles">
                    <Platform Name="Android">
                        <RemoteDir>res\values</RemoteDir>
                        <Operation>1</Operation>
                    </Platform>
                </DeployClass>
                <DeployClass Name="Android_SplashImage426">
                    <Platform Name="Android">
                        <RemoteDir>res\drawable-small</RemoteDir>
                        <Operation>1</Operation>
                    </Platform>
                </DeployClass>
                <DeployClass Name="AndroidSplashImageDef">
                    <Platform Name="Android">
                        <RemoteDir>res\drawable</RemoteDir>
                        <Operation>1</Operation>
                    </Platform>
                </DeployClass>
                <DeployClass Name="ProjectiOSResource">
                    <Platform Name="iOSSimulator">
                        <Operation>1</Operation>
                    </Platform>
                    <Platform Name="iOSDevice64">
                        <Operation>1</Operation>
                    </Platform>
                    <Platform Name="iOSDevice32">
                        <Operation>1</Operation>
                    </Platform>
                </DeployClass>
                <DeployClass Name="ProjectAndroidManifest">
                    <Platform Name="Android">
                        <Operation>1</Operation>
                    </Platform>
                </DeployClass>
                <DeployClass Name="Android_DefaultAppIcon">
                    <Platform Name="Android">
                        <RemoteDir>res\drawable</RemoteDir>
                        <Operation>1</Operation>
                    </Platform>
                </DeployClass>
                <DeployClass Name="File">
                    <Platform Name="Win32">
                        <Operation>0</Operation>
                    </Platform>
                    <Platform Name="iOSDevice64">
                        <Operation>0</Operation>
                    </Platform>
                    <Platform Name="OSX32">
                        <Operation>0</Operation>
                    </Platform>
                    <Platform Name="iOSDevice32">
                        <Operation>0</Operation>
                    </Platform>
                    <Platform Name="Android">
                        <Operation>0</Operation>
                    </Platform>
                    <Platform Name="iOSSimulator">
                        <Operation>0</Operation>
                    </Platform>
                </DeployClass>
                <DeployClass Name="AndroidServiceOutput">
                    <Platform Name="Android">
                        <RemoteDir>library\lib\armeabi-v7a</RemoteDir>
                        <Operation>1</Operation>
                    </Platform>
                </DeployClass>
                <DeployClass Required="true" Name="DependencyPackage">
                    <Platform Name="Win32">
                        <Operation>0</Operation>
                        <Extensions>.bpl</Extensions>
                    </Platform>
                    <Platform Name="iOSDevice64">
                        <Operation>1</Operation>
                        <Extensions>.dylib</Extensions>
                    </Platform>
                    <Platform Name="OSX32">
                        <Operation>1</Operation>
                        <Extensions>.dylib</Extensions>
                    </Platform>
                    <Platform Name="iOSDevice32">
                        <Operation>1</Operation>
                        <Extensions>.dylib</Extensions>
                    </Platform>
                    <Platform Name="iOSSimulator">
                        <Operation>1</Operation>
                        <Extensions>.dylib</Extensions>
                    </Platform>
                </DeployClass>
                <DeployClass Name="Android_LauncherIcon48">
                    <Platform Name="Android">
                        <RemoteDir>res\drawable-mdpi</RemoteDir>
                        <Operation>1</Operation>
                    </Platform>
                </DeployClass>
                <DeployClass Name="Android_SplashImage960">
                    <Platform Name="Android">
                        <RemoteDir>res\drawable-xlarge</RemoteDir>
                        <Operation>1</Operation>
                    </Platform>
                </DeployClass>
                <DeployClass Name="Android_LauncherIcon36">
                    <Platform Name="Android">
                        <RemoteDir>res\drawable-ldpi</RemoteDir>
                        <Operation>1</Operation>
                    </Platform>
                </DeployClass>
                <DeployClass Name="ProjectiOSDeviceResourceRules"/>
                <ProjectRoot Platform="iOSDevice64" Name="$(PROJECTNAME).app"/>
                <ProjectRoot Platform="Win64" Name="$(PROJECTNAME)"/>
                <ProjectRoot Platform="iOSDevice32" Name="$(PROJECTNAME).app"/>
                <ProjectRoot Platform="Win32" Name="$(PROJECTNAME)"/>
                <ProjectRoot Platform="OSX32" Name="$(PROJECTNAME)"/>
                <ProjectRoot Platform="Android" Name="$(PROJECTNAME)"/>
                <ProjectRoot Platform="iOSSimulator" Name="$(PROJECTNAME).app"/>
            </Deployment>
        </BorlandProject>
        <ProjectFileVersion>12</ProjectFileVersion>
    </ProjectExtensions>
    <Import Project="$(APPDATA)\Embarcadero\$(BDSAPPDATABASEDIR)\$(PRODUCTVERSION)\UserTools.proj" Condition="Exists('$(APPDATA)\Embarcadero\$(BDSAPPDATABASEDIR)\$(PRODUCTVERSION)\UserTools.proj')"/>
    <Import Project="$(MSBuildProjectName).deployproj" Condition="Exists('$(MSBuildProjectName).deployproj')"/>
</Project>
